
Microsoft Visual Studio Solution File, Format Version 12.00
# Visual Studio Version 17
VisualStudioVersion = 17.10.35004.147
MinimumVisualStudioVersion = 10.0.40219.1
Project("{9A19103F-16F7-4668-BE54-9A1E7A4F7556}") = "Application", "Application\Application.csproj", "{637EFF15-33C0-42C4-84A4-7E33C9932DAA}"
EndProject
Project("{9A19103F-16F7-4668-BE54-9A1E7A4F7556}") = "Domain", "Domain\Domain.csproj", "{24B2DE47-E0F8-4A63-B7B7-C16AE0BC393B}"
	ProjectSection(ProjectDependencies) = postProject
		{9064F437-1E03-4D69-BC44-8F300D292AD5} = {9064F437-1E03-4D69-BC44-8F300D292AD5}
	EndProjectSection
EndProject
Project("{9A19103F-16F7-4668-BE54-9A1E7A4F7556}") = "Infrastructure", "Infrastructure\Infrastructure.csproj", "{9064F437-1E03-4D69-BC44-8F300D292AD5}"
EndProject
Project("{9A19103F-16F7-4668-BE54-9A1E7A4F7556}") = "WebUI", "WebUI\WebUI.csproj", "{3B479534-D6AA-40CE-A196-99A99B1C7766}"
EndProject
Global
	GlobalSection(SolutionConfigurationPlatforms) = preSolution
		Debug|Any CPU = Debug|Any CPU
		Release|Any CPU = Release|Any CPU
	EndGlobalSection
	GlobalSection(ProjectConfigurationPlatforms) = postSolution
		{637EFF15-33C0-42C4-84A4-7E33C9932DAA}.Debug|Any CPU.ActiveCfg = Debug|Any CPU
		{637EFF15-33C0-42C4-84A4-7E33C9932DAA}.Debug|Any CPU.Build.0 = Debug|Any CPU
		{637EFF15-33C0-42C4-84A4-7E33C9932DAA}.Release|Any CPU.ActiveCfg = Release|Any CPU
		{637EFF15-33C0-42C4-84A4-7E33C9932DAA}.Release|Any CPU.Build.0 = Release|Any CPU
		{24B2DE47-E0F8-4A63-B7B7-C16AE0BC393B}.Debug|Any CPU.ActiveCfg = Debug|Any CPU
		{24B2DE47-E0F8-4A63-B7B7-C16AE0BC393B}.Debug|Any CPU.Build.0 = Debug|Any CPU
		{24B2DE47-E0F8-4A63-B7B7-C16AE0BC393B}.Release|Any CPU.ActiveCfg = Release|Any CPU
		{24B2DE47-E0F8-4A63-B7B7-C16AE0BC393B}.Release|Any CPU.Build.0 = Release|Any CPU
		{9064F437-1E03-4D69-BC44-8F300D292AD5}.Debug|Any CPU.ActiveCfg = Debug|Any CPU
		{9064F437-1E03-4D69-BC44-8F300D292AD5}.Debug|Any CPU.Build.0 = Debug|Any CPU
		{9064F437-1E03-4D69-BC44-8F300D292AD5}.Release|Any CPU.ActiveCfg = Release|Any CPU
		{9064F437-1E03-4D69-BC44-8F300D292AD5}.Release|Any CPU.Build.0 = Release|Any CPU
		{3B479534-D6AA-40CE-A196-99A99B1C7766}.Debug|Any CPU.ActiveCfg = Debug|Any CPU
		{3B479534-D6AA-40CE-A196-99A99B1C7766}.Debug|Any CPU.Build.0 = Debug|Any CPU
		{3B479534-D6AA-40CE-A196-99A99B1C7766}.Release|Any CPU.ActiveCfg = Release|Any CPU
		{3B479534-D6AA-40CE-A196-99A99B1C7766}.Release|Any CPU.Build.0 = Release|Any CPU
	EndGlobalSection
	GlobalSection(SolutionProperties) = preSolution
		HideSolutionNode = FALSE
	EndGlobalSection
	GlobalSection(ExtensibilityGlobals) = postSolution
		SolutionGuid = {E7A0B33C-B0F7-4658-AC43-43BA8ABC518A}
	EndGlobalSection
EndGlobal
